#MicroXplorer Configuration settings - do not modify
Mcu.Family=STM32F4
SH.GPXTI1.0=GPIO_EXTI1
ProjectManager.MainLocation=Core/Src
PB13.GPIOParameters=GPIO_Speed
PA6.Mode=Full_Duplex_Master
SH.S_TIM1_CH4.0=TIM1_CH4,PWM Generation4 CH4
RCC.CortexFreq_Value=84000000
ProjectManager.KeepUserCode=true
Mcu.UserName=STM32F401CCUx
SPI1.VirtualType=VM_MASTER
Dma.USART1_TX.1.MemInc=DMA_MINC_ENABLE
TIM1.IPParameters=Channel-PWM Generation4 CH4,Prescaler,Period,Channel-PWM Generation1 CH1
USART1.BaudRate=9600
RCC.PLLCLKFreq_Value=84000000
RCC.PLLQCLKFreq_Value=42000000
ProjectManager.functionlistsort=1-MX_GPIO_Init-GPIO-false-HAL-true,2-MX_DMA_Init-DMA-false-HAL-true,3-SystemClock_Config-RCC-false-HAL-false,4-MX_I2C1_Init-I2C1-false-HAL-true,5-MX_TIM2_Init-TIM2-false-HAL-true,6-MX_USART1_UART_Init-USART1-false-HAL-true,7-MX_RTC_Init-RTC-false-HAL-true,8-MX_SPI1_Init-SPI1-false-HAL-true,9-MX_ADC1_Init-ADC1-false-HAL-true,10-MX_TIM1_Init-TIM1-false-HAL-true,11-MX_TIM3_Init-TIM3-false-HAL-true
NVIC.EXTI3_IRQn=true\:0\:0\:false\:false\:true\:true\:true
VP_RTC_VS_RTC_Activate.Mode=RTC_Enabled
RCC.RTCFreq_Value=32000
PB0.GPIO_Label=Arriba
SH.S_TIM1_CH1.ConfNb=1
USART1.IPParameters=VirtualMode,BaudRate
PB13.Signal=GPIO_Output
PinOutPanel.RotationAngle=0
RCC.SYSCLKSource=RCC_SYSCLKSOURCE_PLLCLK
ProjectManager.StackSize=0x400
Mcu.IP4=RCC
RCC.FCLKCortexFreq_Value=84000000
Mcu.IP5=RTC
Mcu.IP2=I2C1
NVIC.SVCall_IRQn=true\:0\:0\:false\:false\:true\:false\:false
Mcu.IP3=NVIC
PB4.GPIOParameters=GPIO_Label
Mcu.IP0=ADC1
Mcu.IP1=DMA
NVIC.EXTI1_IRQn=true\:0\:0\:false\:false\:true\:true\:true
SH.GPXTI3.ConfNb=1
TIM1.Prescaler=4
Mcu.UserConstants=
PH0\ -\ OSC_IN.Signal=RCC_OSC_IN
Mcu.ThirdPartyNb=0
TIM1.Channel-PWM\ Generation4\ CH4=TIM_CHANNEL_4
SPI1.Direction=SPI_DIRECTION_2LINES
RCC.HCLKFreq_Value=84000000
Mcu.IPNb=13
RCC.I2SClocksFreq_Value=192000000
TIM2.IPParameters=Prescaler,Period
ProjectManager.PreviousToolchain=
RCC.APB2TimFreq_Value=84000000
TIM3.Period=55999
PB6.Signal=I2C1_SCL
RCC.VcooutputI2S=192000000
PB6.Mode=I2C
SPI1.CalculateBaudRate=21.0 MBits/s
Mcu.Pin6=PA5
Mcu.Pin7=PA6
VP_TIM2_VS_ClockSourceINT.Signal=TIM2_VS_ClockSourceINT
Mcu.Pin8=PA7
Mcu.Pin9=PB0
RCC.AHBFreq_Value=84000000
PB13.Locked=true
Dma.USART1_RX.0.Priority=DMA_PRIORITY_LOW
Mcu.Pin0=PC13-ANTI_TAMP
Mcu.Pin1=PC14-OSC32_IN
GPIO.groupedBy=Group By Peripherals
Mcu.Pin2=PC15-OSC32_OUT
Mcu.Pin3=PH0 - OSC_IN
Mcu.Pin4=PH1 - OSC_OUT
Mcu.Pin5=PA0-WKUP
ADC1.Channel-0\#ChannelRegularConversion=ADC_CHANNEL_0
ProjectManager.ProjectBuild=false
RCC.HSE_VALUE=25000000
NVIC.UsageFault_IRQn=true\:0\:0\:false\:false\:true\:false\:false
NVIC.DebugMonitor_IRQn=true\:0\:0\:false\:false\:true\:false\:false
Mcu.IP10=TIM3
PC13-ANTI_TAMP.Signal=GPIO_Output
NVIC.SysTick_IRQn=true\:0\:0\:false\:false\:true\:false\:true
Mcu.IP12=USART1
Mcu.IP11=TIM4
ProjectManager.FirmwarePackage=STM32Cube FW_F4 V1.26.1
MxDb.Version=DB.6.0.21
PB0.GPIOParameters=GPIO_Label
ProjectManager.BackupPrevious=false
PC14-OSC32_IN.Mode=LSE-External-Oscillator
RCC.VCOInputFreq_Value=2000000
TIM1.Channel-PWM\ Generation1\ CH1=TIM_CHANNEL_1
PA14.Mode=Serial_Wire
TIM3.Prescaler=149
PB1.GPIO_Label=Abajo
NVIC.TIM2_IRQn=true\:0\:0\:false\:false\:true\:true\:true
File.Version=6
PB3.GPIOParameters=GPIO_Label
PB7.Signal=I2C1_SDA
PA8.Signal=S_TIM1_CH1
SH.ADCx_IN0.0=ADC1_IN0,IN0
NVIC.PendSV_IRQn=true\:0\:0\:false\:false\:true\:false\:false
TIM4.Period=55999
Dma.USART1_RX.0.MemInc=DMA_MINC_ENABLE
Dma.RequestsNb=2
ProjectManager.HalAssertFull=false
PB0.Locked=true
VP_TIM1_VS_ClockSourceINT.Mode=Internal
ADC1.SamplingTime-0\#ChannelRegularConversion=ADC_SAMPLETIME_3CYCLES
Dma.USART1_TX.1.PeriphDataAlignment=DMA_PDATAALIGN_BYTE
ProjectManager.ProjectName=TesisV2
Mcu.Package=UFQFPN48
TIM2.Prescaler=999
PB1.Signal=GPXTI1
PA6.Signal=SPI1_MISO
NVIC.DMA2_Stream7_IRQn=true\:0\:0\:false\:false\:true\:false\:true
ProjectManager.ToolChainLocation=
RCC.LSI_VALUE=32000
SH.GPXTI0.0=GPIO_EXTI0
VP_SYS_VS_Systick.Signal=SYS_VS_Systick
Dma.USART1_RX.0.RequestParameters=Instance,Direction,PeriphInc,MemInc,PeriphDataAlignment,MemDataAlignment,Mode,Priority,FIFOMode
PA10.Signal=USART1_RX
PB14.GPIOParameters=GPIO_Speed
Dma.USART1_RX.0.FIFOMode=DMA_FIFOMODE_DISABLE
NVIC.DMA2_Stream2_IRQn=true\:0\:0\:false\:false\:true\:false\:true
Dma.Request1=USART1_TX
RCC.APB1TimFreq_Value=84000000
NVIC.BusFault_IRQn=true\:0\:0\:false\:false\:true\:false\:false
Dma.USART1_RX.0.Mode=DMA_NORMAL
Dma.USART1_TX.1.Priority=DMA_PRIORITY_LOW
TIM1.Period=8399
NVIC.USART1_IRQn=true\:0\:0\:false\:false\:true\:true\:true
Dma.Request0=USART1_RX
SPI1.BaudRatePrescaler=SPI_BAUDRATEPRESCALER_4
Dma.USART1_RX.0.Instance=DMA2_Stream2
ProjectManager.CustomerFirmwarePackage=
VP_TIM3_VS_ClockSourceINT.Mode=Internal
PB3.Locked=true
PB4.Signal=GPXTI4
PA5.Mode=Full_Duplex_Master
PC13-ANTI_TAMP.GPIOParameters=PinState,GPIO_Label
Dma.USART1_TX.1.Direction=DMA_MEMORY_TO_PERIPH
PB3.GPIO_Label=Enter
VP_RTC_VS_RTC_Activate.Signal=RTC_VS_RTC_Activate
PC15-OSC32_OUT.Mode=LSE-External-Oscillator
Dma.USART1_TX.1.Instance=DMA2_Stream7
NVIC.EXTI4_IRQn=true\:0\:0\:false\:false\:true\:true\:true
ProjectManager.ProjectFileName=TesisV2.ioc
ADC1.Rank-0\#ChannelRegularConversion=1
PA7.Mode=Full_Duplex_Master
Dma.USART1_RX.0.PeriphDataAlignment=DMA_PDATAALIGN_BYTE
PA10.Mode=Asynchronous
Mcu.PinsNb=30
ProjectManager.NoMain=false
SPI1.IPParameters=VirtualType,Mode,Direction,CalculateBaudRate,BaudRatePrescaler
PC13-ANTI_TAMP.GPIO_Label=LED
ADC1.IPParameters=Rank-0\#ChannelRegularConversion,Channel-0\#ChannelRegularConversion,SamplingTime-0\#ChannelRegularConversion,NbrOfConversionFlag,master,ClockPrescaler
Dma.USART1_TX.1.RequestParameters=Instance,Direction,PeriphInc,MemInc,PeriphDataAlignment,MemDataAlignment,Mode,Priority,FIFOMode
PH1\ -\ OSC_OUT.Mode=HSE-External-Oscillator
SH.GPXTI0.ConfNb=1
ProjectManager.DefaultFWLocation=true
PB12.Locked=true
ProjectManager.DeletePrevious=true
PB14.Locked=true
RCC.APB1CLKDivider=RCC_HCLK_DIV2
PC14-OSC32_IN.Signal=RCC_OSC32_IN
PC13-ANTI_TAMP.PinState=GPIO_PIN_SET
PA0-WKUP.Signal=ADCx_IN0
PA0-WKUP.Locked=true
PA13.Signal=SYS_JTMS-SWDIO
PA11.Locked=true
PA9.Mode=Asynchronous
PH0\ -\ OSC_IN.Mode=HSE-External-Oscillator
SH.S_TIM1_CH1.0=TIM1_CH1,PWM Generation1 CH1
VP_TIM4_VS_ClockSourceINT.Signal=TIM4_VS_ClockSourceINT
ProjectManager.TargetToolchain=STM32CubeIDE
PB14.GPIO_Speed=GPIO_SPEED_FREQ_LOW
TIM4.IPParameters=Period,Prescaler
Dma.USART1_RX.0.Direction=DMA_PERIPH_TO_MEMORY
PA9.Signal=USART1_TX
VP_TIM1_VS_ClockSourceINT.Signal=TIM1_VS_ClockSourceINT
PB13.GPIO_Speed=GPIO_SPEED_FREQ_LOW
ProjectManager.RegisterCallBack=
Dma.USART1_TX.1.FIFOMode=DMA_FIFOMODE_DISABLE
VP_TIM3_VS_ClockSourceINT.Signal=TIM3_VS_ClockSourceINT
TIM4.Prescaler=1499
PC15-OSC32_OUT.Signal=RCC_OSC32_OUT
Dma.USART1_RX.0.PeriphInc=DMA_PINC_DISABLE
PB12.GPIO_Speed=GPIO_SPEED_FREQ_LOW
PB1.Locked=true
RCC.VCOI2SOutputFreq_Value=384000000
PB14.Signal=GPIO_Output
PA5.Signal=SPI1_SCK
PH1\ -\ OSC_OUT.Signal=RCC_OSC_OUT
Dma.USART1_TX.1.MemDataAlignment=DMA_MDATAALIGN_BYTE
board=custom
SH.GPXTI3.0=GPIO_EXTI3
RCC.VCOOutputFreq_Value=168000000
PC13-ANTI_TAMP.Locked=true
ProjectManager.LastFirmware=true
NVIC.TIM3_IRQn=true\:0\:0\:false\:false\:true\:true\:true
RCC.APB2Freq_Value=84000000
MxCube.Version=6.2.1
PB4.GPIO_Label=Atras
VP_TIM2_VS_ClockSourceINT.Mode=Internal
SPI1.Mode=SPI_MODE_MASTER
SH.ADCx_IN0.ConfNb=1
VP_SYS_VS_Systick.Mode=SysTick
TIM3.IPParameters=Prescaler,Period
Dma.USART1_RX.0.MemDataAlignment=DMA_MDATAALIGN_BYTE
NVIC.NonMaskableInt_IRQn=true\:0\:0\:false\:false\:true\:false\:false
TIM2.Period=7199
PA13.Mode=Serial_Wire
ProjectManager.FreePins=true
RCC.IPParameters=48MHZClocksFreq_Value,AHBFreq_Value,APB1CLKDivider,APB1Freq_Value,APB1TimFreq_Value,APB2Freq_Value,APB2TimFreq_Value,CortexFreq_Value,FCLKCortexFreq_Value,HCLKFreq_Value,HSE_VALUE,HSI_VALUE,I2SClocksFreq_Value,LSI_VALUE,PLLCLKFreq_Value,PLLM,PLLN,PLLQCLKFreq_Value,RTCFreq_Value,RTCHSEDivFreq_Value,SYSCLKFreq_VALUE,SYSCLKSource,VCOI2SOutputFreq_Value,VCOInputFreq_Value,VCOOutputFreq_Value,VcooutputI2S
ProjectManager.AskForMigrate=true
Mcu.Name=STM32F401C(B-C)Ux
Mcu.Pin26=VP_TIM1_VS_ClockSourceINT
Mcu.Pin27=VP_TIM2_VS_ClockSourceINT
RCC.RTCHSEDivFreq_Value=12500000
Mcu.Pin24=VP_RTC_VS_RTC_Activate
ProjectManager.UnderRoot=true
Mcu.Pin25=VP_SYS_VS_Systick
Mcu.IP8=TIM1
Mcu.IP9=TIM2
Mcu.Pin28=VP_TIM3_VS_ClockSourceINT
Mcu.IP6=SPI1
Mcu.Pin29=VP_TIM4_VS_ClockSourceINT
Mcu.IP7=SYS
ProjectManager.CoupleFile=false
PB4.Locked=true
RCC.48MHZClocksFreq_Value=42000000
PB3.Signal=GPXTI3
NVIC.EXTI0_IRQn=true\:0\:0\:false\:false\:true\:true\:true
RCC.SYSCLKFreq_VALUE=84000000
Mcu.Pin22=PB6
Mcu.Pin23=PB7
ADC1.master=1
Mcu.Pin20=PB3
Mcu.Pin21=PB4
SH.GPXTI4.0=GPIO_EXTI4
NVIC.ForceEnableDMAVector=true
KeepUserPlacement=false
Dma.USART1_TX.1.Mode=DMA_NORMAL
NVIC.MemoryManagement_IRQn=true\:0\:0\:false\:false\:true\:false\:false
USART1.VirtualMode=VM_ASYNC
ProjectManager.CompilerOptimize=6
PB7.Mode=I2C
PA11.Signal=S_TIM1_CH4
PA14.Signal=SYS_JTCK-SWCLK
ProjectManager.HeapSize=0x200
Mcu.Pin15=PA9
Dma.USART1_TX.1.PeriphInc=DMA_PINC_DISABLE
NVIC.HardFault_IRQn=true\:0\:0\:false\:false\:true\:false\:false
Mcu.Pin16=PA10
Mcu.Pin13=PB14
SH.GPXTI4.ConfNb=1
Mcu.Pin14=PA8
Mcu.Pin19=PA14
ProjectManager.ComputerToolchain=false
Mcu.Pin17=PA11
RCC.HSI_VALUE=16000000
Mcu.Pin18=PA13
VP_TIM4_VS_ClockSourceINT.Mode=Internal
NVIC.PriorityGroup=NVIC_PRIORITYGROUP_4
ADC1.NbrOfConversionFlag=1
Mcu.Pin11=PB12
Mcu.Pin12=PB13
RCC.PLLM=8
RCC.PLLN=84
Mcu.Pin10=PB1
SH.GPXTI1.ConfNb=1
NVIC.TIM4_IRQn=true\:0\:0\:false\:false\:true\:true\:true
RCC.APB1Freq_Value=42000000
PB0.Signal=GPXTI0
ADC1.ClockPrescaler=ADC_CLOCK_SYNC_PCLK_DIV4
SH.S_TIM1_CH4.ConfNb=1
ProjectManager.DeviceId=STM32F401CCUx
PB12.GPIOParameters=GPIO_Speed
PB12.Signal=GPIO_Output
ProjectManager.LibraryCopy=1
PB1.GPIOParameters=GPIO_Label
PA7.Signal=SPI1_MOSI
isbadioc=false
